# canon.lock v1
table  teamboard.areaGroups  in_game
table  teamboard.areaGroups  internal
table  teamboard.areaGroups  out_game
table  teamboard.areas  admin_panel
table  teamboard.areas  analytics
table  teamboard.areas  balance
table  teamboard.areas  client
table  teamboard.areas  game
table  teamboard.areas  game_server
table  teamboard.areas  internal
table  teamboard.areas  resource
table  teamboard.areas  resource_studio
table  teamboard.areas  sovcommon
table  teamboard.areas  team_board
table  teamboard.areas  website
table  teamboard.columns  done
table  teamboard.columns  fixed
table  teamboard.columns  taken
table  teamboard.columns  unclaimed
table  teamboard.flags  blocking
table  teamboard.flags  sensitive
table  teamboard.intents  idea
table  teamboard.intents  issue
table  teamboard.severities  critical
table  teamboard.severities  low
table  teamboard.severities  normal
table  teamboard.statuses  duplicate
table  teamboard.statuses  fixed
table  teamboard.statuses  open
table  teamboard.statuses  taken
table  teamboard.statuses  verified
table  teamboard.statuses  wont_do
